
Microsoft Visual Studio Solution File, Format Version 12.00
# Visual Studio Version 16
VisualStudioVersion = 16.0.30621.155
MinimumVisualStudioVersion = 10.0.40219.1
Project("{9A19103F-16F7-4668-BE54-9A1E7A4F7556}") = "VirtualArt.common", "VirtualArt.common\VirtualArt.common.csproj", "{2FFDB3E3-D72C-4154-BAC0-C70A60EABBA8}"
EndProject
Project("{9A19103F-16F7-4668-BE54-9A1E7A4F7556}") = "VirtualArt.web", "VirtualArt.web\VirtualArt.web.csproj", "{005B9A43-7426-404F-856A-14B4A80BDAA5}"
EndProject
Project("{FAE04EC0-301F-11D3-BF4B-00C04F79EFBC}") = "VirtualArt.pris", "VirtualArt.pris\VirtualArt.pris\VirtualArt.pris.csproj", "{5CF4953B-883B-43E9-B9A6-52C63965879D}"
EndProject
Project("{FAE04EC0-301F-11D3-BF4B-00C04F79EFBC}") = "VirtualArt.pris.Android", "VirtualArt.pris\VirtualArt.pris.Android\VirtualArt.pris.Android.csproj", "{0DD88F31-3135-46D2-9DCA-FFB0349AEB0A}"
EndProject
Project("{FAE04EC0-301F-11D3-BF4B-00C04F79EFBC}") = "VirtualArt.pris.iOS", "VirtualArt.pris\VirtualArt.pris.iOS\VirtualArt.pris.iOS.csproj", "{22CCF420-8A64-4FE6-8A1A-763C9EE553F2}"
EndProject
Global
	GlobalSection(SolutionConfigurationPlatforms) = preSolution
		Ad-Hoc|Any CPU = Ad-Hoc|Any CPU
		Ad-Hoc|iPhone = Ad-Hoc|iPhone
		Ad-Hoc|iPhoneSimulator = Ad-Hoc|iPhoneSimulator
		AppStore|Any CPU = AppStore|Any CPU
		AppStore|iPhone = AppStore|iPhone
		AppStore|iPhoneSimulator = AppStore|iPhoneSimulator
		Debug|Any CPU = Debug|Any CPU
		Debug|iPhone = Debug|iPhone
		Debug|iPhoneSimulator = Debug|iPhoneSimulator
		Release|Any CPU = Release|Any CPU
		Release|iPhone = Release|iPhone
		Release|iPhoneSimulator = Release|iPhoneSimulator
	EndGlobalSection
	GlobalSection(ProjectConfigurationPlatforms) = postSolution
		{2FFDB3E3-D72C-4154-BAC0-C70A60EABBA8}.Ad-Hoc|Any CPU.ActiveCfg = Release|Any CPU
		{2FFDB3E3-D72C-4154-BAC0-C70A60EABBA8}.Ad-Hoc|Any CPU.Build.0 = Release|Any CPU
		{2FFDB3E3-D72C-4154-BAC0-C70A60EABBA8}.Ad-Hoc|iPhone.ActiveCfg = Release|Any CPU
		{2FFDB3E3-D72C-4154-BAC0-C70A60EABBA8}.Ad-Hoc|iPhone.Build.0 = Release|Any CPU
		{2FFDB3E3-D72C-4154-BAC0-C70A60EABBA8}.Ad-Hoc|iPhoneSimulator.ActiveCfg = Release|Any CPU
		{2FFDB3E3-D72C-4154-BAC0-C70A60EABBA8}.Ad-Hoc|iPhoneSimulator.Build.0 = Release|Any CPU
		{2FFDB3E3-D72C-4154-BAC0-C70A60EABBA8}.AppStore|Any CPU.ActiveCfg = Release|Any CPU
		{2FFDB3E3-D72C-4154-BAC0-C70A60EABBA8}.AppStore|Any CPU.Build.0 = Release|Any CPU
		{2FFDB3E3-D72C-4154-BAC0-C70A60EABBA8}.AppStore|iPhone.ActiveCfg = Release|Any CPU
		{2FFDB3E3-D72C-4154-BAC0-C70A60EABBA8}.AppStore|iPhone.Build.0 = Release|Any CPU
		{2FFDB3E3-D72C-4154-BAC0-C70A60EABBA8}.AppStore|iPhoneSimulator.ActiveCfg = Release|Any CPU
		{2FFDB3E3-D72C-4154-BAC0-C70A60EABBA8}.AppStore|iPhoneSimulator.Build.0 = Release|Any CPU
		{2FFDB3E3-D72C-4154-BAC0-C70A60EABBA8}.Debug|Any CPU.ActiveCfg = Debug|Any CPU
		{2FFDB3E3-D72C-4154-BAC0-C70A60EABBA8}.Debug|Any CPU.Build.0 = Debug|Any CPU
		{2FFDB3E3-D72C-4154-BAC0-C70A60EABBA8}.Debug|iPhone.ActiveCfg = Debug|Any CPU
		{2FFDB3E3-D72C-4154-BAC0-C70A60EABBA8}.Debug|iPhone.Build.0 = Debug|Any CPU
		{2FFDB3E3-D72C-4154-BAC0-C70A60EABBA8}.Debug|iPhoneSimulator.ActiveCfg = Debug|Any CPU
		{2FFDB3E3-D72C-4154-BAC0-C70A60EABBA8}.Debug|iPhoneSimulator.Build.0 = Debug|Any CPU
		{2FFDB3E3-D72C-4154-BAC0-C70A60EABBA8}.Release|Any CPU.ActiveCfg = Release|Any CPU
		{2FFDB3E3-D72C-4154-BAC0-C70A60EABBA8}.Release|Any CPU.Build.0 = Release|Any CPU
		{2FFDB3E3-D72C-4154-BAC0-C70A60EABBA8}.Release|iPhone.ActiveCfg = Release|Any CPU
		{2FFDB3E3-D72C-4154-BAC0-C70A60EABBA8}.Release|iPhone.Build.0 = Release|Any CPU
		{2FFDB3E3-D72C-4154-BAC0-C70A60EABBA8}.Release|iPhoneSimulator.ActiveCfg = Release|Any CPU
		{2FFDB3E3-D72C-4154-BAC0-C70A60EABBA8}.Release|iPhoneSimulator.Build.0 = Release|Any CPU
		{005B9A43-7426-404F-856A-14B4A80BDAA5}.Ad-Hoc|Any CPU.ActiveCfg = Release|Any CPU
		{005B9A43-7426-404F-856A-14B4A80BDAA5}.Ad-Hoc|Any CPU.Build.0 = Release|Any CPU
		{005B9A43-7426-404F-856A-14B4A80BDAA5}.Ad-Hoc|iPhone.ActiveCfg = Release|Any CPU
		{005B9A43-7426-404F-856A-14B4A80BDAA5}.Ad-Hoc|iPhone.Build.0 = Release|Any CPU
		{005B9A43-7426-404F-856A-14B4A80BDAA5}.Ad-Hoc|iPhoneSimulator.ActiveCfg = Release|Any CPU
		{005B9A43-7426-404F-856A-14B4A80BDAA5}.Ad-Hoc|iPhoneSimulator.Build.0 = Release|Any CPU
		{005B9A43-7426-404F-856A-14B4A80BDAA5}.AppStore|Any CPU.ActiveCfg = Release|Any CPU
		{005B9A43-7426-404F-856A-14B4A80BDAA5}.AppStore|Any CPU.Build.0 = Release|Any CPU
		{005B9A43-7426-404F-856A-14B4A80BDAA5}.AppStore|iPhone.ActiveCfg = Release|Any CPU
		{005B9A43-7426-404F-856A-14B4A80BDAA5}.AppStore|iPhone.Build.0 = Release|Any CPU
		{005B9A43-7426-404F-856A-14B4A80BDAA5}.AppStore|iPhoneSimulator.ActiveCfg = Release|Any CPU
		{005B9A43-7426-404F-856A-14B4A80BDAA5}.AppStore|iPhoneSimulator.Build.0 = Release|Any CPU
		{005B9A43-7426-404F-856A-14B4A80BDAA5}.Debug|Any CPU.ActiveCfg = Debug|Any CPU
		{005B9A43-7426-404F-856A-14B4A80BDAA5}.Debug|Any CPU.Build.0 = Debug|Any CPU
		{005B9A43-7426-404F-856A-14B4A80BDAA5}.Debug|iPhone.ActiveCfg = Debug|Any CPU
		{005B9A43-7426-404F-856A-14B4A80BDAA5}.Debug|iPhone.Build.0 = Debug|Any CPU
		{005B9A43-7426-404F-856A-14B4A80BDAA5}.Debug|iPhoneSimulator.ActiveCfg = Debug|Any CPU
		{005B9A43-7426-404F-856A-14B4A80BDAA5}.Debug|iPhoneSimulator.Build.0 = Debug|Any CPU
		{005B9A43-7426-404F-856A-14B4A80BDAA5}.Release|Any CPU.ActiveCfg = Release|Any CPU
		{005B9A43-7426-404F-856A-14B4A80BDAA5}.Release|Any CPU.Build.0 = Release|Any CPU
		{005B9A43-7426-404F-856A-14B4A80BDAA5}.Release|iPhone.ActiveCfg = Release|Any CPU
		{005B9A43-7426-404F-856A-14B4A80BDAA5}.Release|iPhone.Build.0 = Release|Any CPU
		{005B9A43-7426-404F-856A-14B4A80BDAA5}.Release|iPhoneSimulator.ActiveCfg = Release|Any CPU
		{005B9A43-7426-404F-856A-14B4A80BDAA5}.Release|iPhoneSimulator.Build.0 = Release|Any CPU
		{5CF4953B-883B-43E9-B9A6-52C63965879D}.Ad-Hoc|Any CPU.ActiveCfg = Release|Any CPU
		{5CF4953B-883B-43E9-B9A6-52C63965879D}.Ad-Hoc|Any CPU.Build.0 = Release|Any CPU
		{5CF4953B-883B-43E9-B9A6-52C63965879D}.Ad-Hoc|iPhone.ActiveCfg = Release|Any CPU
		{5CF4953B-883B-43E9-B9A6-52C63965879D}.Ad-Hoc|iPhone.Build.0 = Release|Any CPU
		{5CF4953B-883B-43E9-B9A6-52C63965879D}.Ad-Hoc|iPhoneSimulator.ActiveCfg = Release|Any CPU
		{5CF4953B-883B-43E9-B9A6-52C63965879D}.Ad-Hoc|iPhoneSimulator.Build.0 = Release|Any CPU
		{5CF4953B-883B-43E9-B9A6-52C63965879D}.AppStore|Any CPU.ActiveCfg = Release|Any CPU
		{5CF4953B-883B-43E9-B9A6-52C63965879D}.AppStore|Any CPU.Build.0 = Release|Any CPU
		{5CF4953B-883B-43E9-B9A6-52C63965879D}.AppStore|iPhone.ActiveCfg = Release|Any CPU
		{5CF4953B-883B-43E9-B9A6-52C63965879D}.AppStore|iPhone.Build.0 = Release|Any CPU
		{5CF4953B-883B-43E9-B9A6-52C63965879D}.AppStore|iPhoneSimulator.ActiveCfg = Release|Any CPU
		{5CF4953B-883B-43E9-B9A6-52C63965879D}.AppStore|iPhoneSimulator.Build.0 = Release|Any CPU
		{5CF4953B-883B-43E9-B9A6-52C63965879D}.Debug|Any CPU.ActiveCfg = Debug|Any CPU
		{5CF4953B-883B-43E9-B9A6-52C63965879D}.Debug|Any CPU.Build.0 = Debug|Any CPU
		{5CF4953B-883B-43E9-B9A6-52C63965879D}.Debug|iPhone.ActiveCfg = Debug|Any CPU
		{5CF4953B-883B-43E9-B9A6-52C63965879D}.Debug|iPhone.Build.0 = Debug|Any CPU
		{5CF4953B-883B-43E9-B9A6-52C63965879D}.Debug|iPhoneSimulator.ActiveCfg = Debug|Any CPU
		{5CF4953B-883B-43E9-B9A6-52C63965879D}.Debug|iPhoneSimulator.Build.0 = Debug|Any CPU
		{5CF4953B-883B-43E9-B9A6-52C63965879D}.Release|Any CPU.ActiveCfg = Release|Any CPU
		{5CF4953B-883B-43E9-B9A6-52C63965879D}.Release|Any CPU.Build.0 = Release|Any CPU
		{5CF4953B-883B-43E9-B9A6-52C63965879D}.Release|iPhone.ActiveCfg = Release|Any CPU
		{5CF4953B-883B-43E9-B9A6-52C63965879D}.Release|iPhone.Build.0 = Release|Any CPU
		{5CF4953B-883B-43E9-B9A6-52C63965879D}.Release|iPhoneSimulator.ActiveCfg = Release|Any CPU
		{5CF4953B-883B-43E9-B9A6-52C63965879D}.Release|iPhoneSimulator.Build.0 = Release|Any CPU
		{0DD88F31-3135-46D2-9DCA-FFB0349AEB0A}.Ad-Hoc|Any CPU.ActiveCfg = Debug|Any CPU
		{0DD88F31-3135-46D2-9DCA-FFB0349AEB0A}.Ad-Hoc|Any CPU.Build.0 = Debug|Any CPU
		{0DD88F31-3135-46D2-9DCA-FFB0349AEB0A}.Ad-Hoc|Any CPU.Deploy.0 = Debug|Any CPU
		{0DD88F31-3135-46D2-9DCA-FFB0349AEB0A}.Ad-Hoc|iPhone.ActiveCfg = Debug|Any CPU
		{0DD88F31-3135-46D2-9DCA-FFB0349AEB0A}.Ad-Hoc|iPhone.Build.0 = Debug|Any CPU
		{0DD88F31-3135-46D2-9DCA-FFB0349AEB0A}.Ad-Hoc|iPhone.Deploy.0 = Debug|Any CPU
		{0DD88F31-3135-46D2-9DCA-FFB0349AEB0A}.Ad-Hoc|iPhoneSimulator.ActiveCfg = Debug|Any CPU
		{0DD88F31-3135-46D2-9DCA-FFB0349AEB0A}.Ad-Hoc|iPhoneSimulator.Build.0 = Debug|Any CPU
		{0DD88F31-3135-46D2-9DCA-FFB0349AEB0A}.Ad-Hoc|iPhoneSimulator.Deploy.0 = Debug|Any CPU
		{0DD88F31-3135-46D2-9DCA-FFB0349AEB0A}.AppStore|Any CPU.ActiveCfg = Debug|Any CPU
		{0DD88F31-3135-46D2-9DCA-FFB0349AEB0A}.AppStore|Any CPU.Build.0 = Debug|Any CPU
		{0DD88F31-3135-46D2-9DCA-FFB0349AEB0A}.AppStore|Any CPU.Deploy.0 = Debug|Any CPU
		{0DD88F31-3135-46D2-9DCA-FFB0349AEB0A}.AppStore|iPhone.ActiveCfg = Debug|Any CPU
		{0DD88F31-3135-46D2-9DCA-FFB0349AEB0A}.AppStore|iPhone.Build.0 = Debug|Any CPU
		{0DD88F31-3135-46D2-9DCA-FFB0349AEB0A}.AppStore|iPhone.Deploy.0 = Debug|Any CPU
		{0DD88F31-3135-46D2-9DCA-FFB0349AEB0A}.AppStore|iPhoneSimulator.ActiveCfg = Debug|Any CPU
		{0DD88F31-3135-46D2-9DCA-FFB0349AEB0A}.AppStore|iPhoneSimulator.Build.0 = Debug|Any CPU
		{0DD88F31-3135-46D2-9DCA-FFB0349AEB0A}.AppStore|iPhoneSimulator.Deploy.0 = Debug|Any CPU
		{0DD88F31-3135-46D2-9DCA-FFB0349AEB0A}.Debug|Any CPU.ActiveCfg = Debug|Any CPU
		{0DD88F31-3135-46D2-9DCA-FFB0349AEB0A}.Debug|Any CPU.Build.0 = Debug|Any CPU
		{0DD88F31-3135-46D2-9DCA-FFB0349AEB0A}.Debug|Any CPU.Deploy.0 = Debug|Any CPU
		{0DD88F31-3135-46D2-9DCA-FFB0349AEB0A}.Debug|iPhone.ActiveCfg = Debug|Any CPU
		{0DD88F31-3135-46D2-9DCA-FFB0349AEB0A}.Debug|iPhone.Build.0 = Debug|Any CPU
		{0DD88F31-3135-46D2-9DCA-FFB0349AEB0A}.Debug|iPhone.Deploy.0 = Debug|Any CPU
		{0DD88F31-3135-46D2-9DCA-FFB0349AEB0A}.Debug|iPhoneSimulator.ActiveCfg = Debug|Any CPU
		{0DD88F31-3135-46D2-9DCA-FFB0349AEB0A}.Debug|iPhoneSimulator.Build.0 = Debug|Any CPU
		{0DD88F31-3135-46D2-9DCA-FFB0349AEB0A}.Debug|iPhoneSimulator.Deploy.0 = Debug|Any CPU
		{0DD88F31-3135-46D2-9DCA-FFB0349AEB0A}.Release|Any CPU.ActiveCfg = Release|Any CPU
		{0DD88F31-3135-46D2-9DCA-FFB0349AEB0A}.Release|Any CPU.Build.0 = Release|Any CPU
		{0DD88F31-3135-46D2-9DCA-FFB0349AEB0A}.Release|Any CPU.Deploy.0 = Release|Any CPU
		{0DD88F31-3135-46D2-9DCA-FFB0349AEB0A}.Release|iPhone.ActiveCfg = Release|Any CPU
		{0DD88F31-3135-46D2-9DCA-FFB0349AEB0A}.Release|iPhone.Build.0 = Release|Any CPU
		{0DD88F31-3135-46D2-9DCA-FFB0349AEB0A}.Release|iPhone.Deploy.0 = Release|Any CPU
		{0DD88F31-3135-46D2-9DCA-FFB0349AEB0A}.Release|iPhoneSimulator.ActiveCfg = Release|Any CPU
		{0DD88F31-3135-46D2-9DCA-FFB0349AEB0A}.Release|iPhoneSimulator.Build.0 = Release|Any CPU
		{0DD88F31-3135-46D2-9DCA-FFB0349AEB0A}.Release|iPhoneSimulator.Deploy.0 = Release|Any CPU
		{22CCF420-8A64-4FE6-8A1A-763C9EE553F2}.Ad-Hoc|Any CPU.ActiveCfg = Ad-Hoc|iPhoneSimulator
		{22CCF420-8A64-4FE6-8A1A-763C9EE553F2}.Ad-Hoc|iPhone.ActiveCfg = Ad-Hoc|iPhone
		{22CCF420-8A64-4FE6-8A1A-763C9EE553F2}.Ad-Hoc|iPhone.Build.0 = Ad-Hoc|iPhone
		{22CCF420-8A64-4FE6-8A1A-763C9EE553F2}.Ad-Hoc|iPhoneSimulator.ActiveCfg = Ad-Hoc|iPhoneSimulator
		{22CCF420-8A64-4FE6-8A1A-763C9EE553F2}.Ad-Hoc|iPhoneSimulator.Build.0 = Ad-Hoc|iPhoneSimulator
		{22CCF420-8A64-4FE6-8A1A-763C9EE553F2}.AppStore|Any CPU.ActiveCfg = AppStore|iPhoneSimulator
		{22CCF420-8A64-4FE6-8A1A-763C9EE553F2}.AppStore|iPhone.ActiveCfg = AppStore|iPhone
		{22CCF420-8A64-4FE6-8A1A-763C9EE553F2}.AppStore|iPhone.Build.0 = AppStore|iPhone
		{22CCF420-8A64-4FE6-8A1A-763C9EE553F2}.AppStore|iPhoneSimulator.ActiveCfg = AppStore|iPhoneSimulator
		{22CCF420-8A64-4FE6-8A1A-763C9EE553F2}.AppStore|iPhoneSimulator.Build.0 = AppStore|iPhoneSimulator
		{22CCF420-8A64-4FE6-8A1A-763C9EE553F2}.Debug|Any CPU.ActiveCfg = Debug|iPhoneSimulator
		{22CCF420-8A64-4FE6-8A1A-763C9EE553F2}.Debug|iPhone.ActiveCfg = Debug|iPhone
		{22CCF420-8A64-4FE6-8A1A-763C9EE553F2}.Debug|iPhone.Build.0 = Debug|iPhone
		{22CCF420-8A64-4FE6-8A1A-763C9EE553F2}.Debug|iPhoneSimulator.ActiveCfg = Debug|iPhoneSimulator
		{22CCF420-8A64-4FE6-8A1A-763C9EE553F2}.Debug|iPhoneSimulator.Build.0 = Debug|iPhoneSimulator
		{22CCF420-8A64-4FE6-8A1A-763C9EE553F2}.Release|Any CPU.ActiveCfg = Release|iPhoneSimulator
		{22CCF420-8A64-4FE6-8A1A-763C9EE553F2}.Release|iPhone.ActiveCfg = Release|iPhone
		{22CCF420-8A64-4FE6-8A1A-763C9EE553F2}.Release|iPhone.Build.0 = Release|iPhone
		{22CCF420-8A64-4FE6-8A1A-763C9EE553F2}.Release|iPhoneSimulator.ActiveCfg = Release|iPhoneSimulator
		{22CCF420-8A64-4FE6-8A1A-763C9EE553F2}.Release|iPhoneSimulator.Build.0 = Release|iPhoneSimulator
	EndGlobalSection
	GlobalSection(SolutionProperties) = preSolution
		HideSolutionNode = FALSE
	EndGlobalSection
	GlobalSection(ExtensibilityGlobals) = postSolution
		SolutionGuid = {BDE602A3-C47B-4528-A49D-82F2599E4767}
	EndGlobalSection
EndGlobal
