
Microsoft Visual Studio Solution File, Format Version 12.00
# Visual Studio Version 16
VisualStudioVersion = 16.0.30621.155
MinimumVisualStudioVersion = 10.0.40219.1
Project("{9A19103F-16F7-4668-BE54-9A1E7A4F7556}") = "VirtualArt.common", "VirtualArt.common\VirtualArt.common.csproj", "{2FFDB3E3-D72C-4154-BAC0-C70A60EABBA8}"
EndProject
Project("{9A19103F-16F7-4668-BE54-9A1E7A4F7556}") = "VirtualArt.web", "VirtualArt.web\VirtualArt.web.csproj", "{005B9A43-7426-404F-856A-14B4A80BDAA5}"
EndProject
Project("{FAE04EC0-301F-11D3-BF4B-00C04F79EFBC}") = "VirtualArt.prism", "VirtualArt.prism\VirtualArt.prism\VirtualArt.prism.csproj", "{BD1548EA-2547-49BC-AD5B-775133EE49FC}"
EndProject
Project("{FAE04EC0-301F-11D3-BF4B-00C04F79EFBC}") = "VirtualArt.prism.Android", "VirtualArt.prism\VirtualArt.prism.Android\VirtualArt.prism.Android.csproj", "{9199CE0C-B211-4AF5-90CA-C00B59C90167}"
EndProject
Project("{FAE04EC0-301F-11D3-BF4B-00C04F79EFBC}") = "VirtualArt.prism.iOS", "VirtualArt.prism\VirtualArt.prism.iOS\VirtualArt.prism.iOS.csproj", "{7F2AE7B1-A3BF-4D5B-9C95-A9A93FE90E6B}"
EndProject
Global
	GlobalSection(SolutionConfigurationPlatforms) = preSolution
		Ad-Hoc|Any CPU = Ad-Hoc|Any CPU
		Ad-Hoc|iPhone = Ad-Hoc|iPhone
		Ad-Hoc|iPhoneSimulator = Ad-Hoc|iPhoneSimulator
		AppStore|Any CPU = AppStore|Any CPU
		AppStore|iPhone = AppStore|iPhone
		AppStore|iPhoneSimulator = AppStore|iPhoneSimulator
		Debug|Any CPU = Debug|Any CPU
		Debug|iPhone = Debug|iPhone
		Debug|iPhoneSimulator = Debug|iPhoneSimulator
		Release|Any CPU = Release|Any CPU
		Release|iPhone = Release|iPhone
		Release|iPhoneSimulator = Release|iPhoneSimulator
	EndGlobalSection
	GlobalSection(ProjectConfigurationPlatforms) = postSolution
		{2FFDB3E3-D72C-4154-BAC0-C70A60EABBA8}.Ad-Hoc|Any CPU.ActiveCfg = Release|Any CPU
		{2FFDB3E3-D72C-4154-BAC0-C70A60EABBA8}.Ad-Hoc|Any CPU.Build.0 = Release|Any CPU
		{2FFDB3E3-D72C-4154-BAC0-C70A60EABBA8}.Ad-Hoc|iPhone.ActiveCfg = Release|Any CPU
		{2FFDB3E3-D72C-4154-BAC0-C70A60EABBA8}.Ad-Hoc|iPhone.Build.0 = Release|Any CPU
		{2FFDB3E3-D72C-4154-BAC0-C70A60EABBA8}.Ad-Hoc|iPhoneSimulator.ActiveCfg = Release|Any CPU
		{2FFDB3E3-D72C-4154-BAC0-C70A60EABBA8}.Ad-Hoc|iPhoneSimulator.Build.0 = Release|Any CPU
		{2FFDB3E3-D72C-4154-BAC0-C70A60EABBA8}.AppStore|Any CPU.ActiveCfg = Release|Any CPU
		{2FFDB3E3-D72C-4154-BAC0-C70A60EABBA8}.AppStore|Any CPU.Build.0 = Release|Any CPU
		{2FFDB3E3-D72C-4154-BAC0-C70A60EABBA8}.AppStore|iPhone.ActiveCfg = Release|Any CPU
		{2FFDB3E3-D72C-4154-BAC0-C70A60EABBA8}.AppStore|iPhone.Build.0 = Release|Any CPU
		{2FFDB3E3-D72C-4154-BAC0-C70A60EABBA8}.AppStore|iPhoneSimulator.ActiveCfg = Release|Any CPU
		{2FFDB3E3-D72C-4154-BAC0-C70A60EABBA8}.AppStore|iPhoneSimulator.Build.0 = Release|Any CPU
		{2FFDB3E3-D72C-4154-BAC0-C70A60EABBA8}.Debug|Any CPU.ActiveCfg = Debug|Any CPU
		{2FFDB3E3-D72C-4154-BAC0-C70A60EABBA8}.Debug|Any CPU.Build.0 = Debug|Any CPU
		{2FFDB3E3-D72C-4154-BAC0-C70A60EABBA8}.Debug|iPhone.ActiveCfg = Debug|Any CPU
		{2FFDB3E3-D72C-4154-BAC0-C70A60EABBA8}.Debug|iPhone.Build.0 = Debug|Any CPU
		{2FFDB3E3-D72C-4154-BAC0-C70A60EABBA8}.Debug|iPhoneSimulator.ActiveCfg = Debug|Any CPU
		{2FFDB3E3-D72C-4154-BAC0-C70A60EABBA8}.Debug|iPhoneSimulator.Build.0 = Debug|Any CPU
		{2FFDB3E3-D72C-4154-BAC0-C70A60EABBA8}.Release|Any CPU.ActiveCfg = Release|Any CPU
		{2FFDB3E3-D72C-4154-BAC0-C70A60EABBA8}.Release|Any CPU.Build.0 = Release|Any CPU
		{2FFDB3E3-D72C-4154-BAC0-C70A60EABBA8}.Release|iPhone.ActiveCfg = Release|Any CPU
		{2FFDB3E3-D72C-4154-BAC0-C70A60EABBA8}.Release|iPhone.Build.0 = Release|Any CPU
		{2FFDB3E3-D72C-4154-BAC0-C70A60EABBA8}.Release|iPhoneSimulator.ActiveCfg = Release|Any CPU
		{2FFDB3E3-D72C-4154-BAC0-C70A60EABBA8}.Release|iPhoneSimulator.Build.0 = Release|Any CPU
		{005B9A43-7426-404F-856A-14B4A80BDAA5}.Ad-Hoc|Any CPU.ActiveCfg = Release|Any CPU
		{005B9A43-7426-404F-856A-14B4A80BDAA5}.Ad-Hoc|Any CPU.Build.0 = Release|Any CPU
		{005B9A43-7426-404F-856A-14B4A80BDAA5}.Ad-Hoc|iPhone.ActiveCfg = Release|Any CPU
		{005B9A43-7426-404F-856A-14B4A80BDAA5}.Ad-Hoc|iPhone.Build.0 = Release|Any CPU
		{005B9A43-7426-404F-856A-14B4A80BDAA5}.Ad-Hoc|iPhoneSimulator.ActiveCfg = Release|Any CPU
		{005B9A43-7426-404F-856A-14B4A80BDAA5}.Ad-Hoc|iPhoneSimulator.Build.0 = Release|Any CPU
		{005B9A43-7426-404F-856A-14B4A80BDAA5}.AppStore|Any CPU.ActiveCfg = Release|Any CPU
		{005B9A43-7426-404F-856A-14B4A80BDAA5}.AppStore|Any CPU.Build.0 = Release|Any CPU
		{005B9A43-7426-404F-856A-14B4A80BDAA5}.AppStore|iPhone.ActiveCfg = Release|Any CPU
		{005B9A43-7426-404F-856A-14B4A80BDAA5}.AppStore|iPhone.Build.0 = Release|Any CPU
		{005B9A43-7426-404F-856A-14B4A80BDAA5}.AppStore|iPhoneSimulator.ActiveCfg = Release|Any CPU
		{005B9A43-7426-404F-856A-14B4A80BDAA5}.AppStore|iPhoneSimulator.Build.0 = Release|Any CPU
		{005B9A43-7426-404F-856A-14B4A80BDAA5}.Debug|Any CPU.ActiveCfg = Debug|Any CPU
		{005B9A43-7426-404F-856A-14B4A80BDAA5}.Debug|Any CPU.Build.0 = Debug|Any CPU
		{005B9A43-7426-404F-856A-14B4A80BDAA5}.Debug|iPhone.ActiveCfg = Debug|Any CPU
		{005B9A43-7426-404F-856A-14B4A80BDAA5}.Debug|iPhone.Build.0 = Debug|Any CPU
		{005B9A43-7426-404F-856A-14B4A80BDAA5}.Debug|iPhoneSimulator.ActiveCfg = Debug|Any CPU
		{005B9A43-7426-404F-856A-14B4A80BDAA5}.Debug|iPhoneSimulator.Build.0 = Debug|Any CPU
		{005B9A43-7426-404F-856A-14B4A80BDAA5}.Release|Any CPU.ActiveCfg = Release|Any CPU
		{005B9A43-7426-404F-856A-14B4A80BDAA5}.Release|Any CPU.Build.0 = Release|Any CPU
		{005B9A43-7426-404F-856A-14B4A80BDAA5}.Release|iPhone.ActiveCfg = Release|Any CPU
		{005B9A43-7426-404F-856A-14B4A80BDAA5}.Release|iPhone.Build.0 = Release|Any CPU
		{005B9A43-7426-404F-856A-14B4A80BDAA5}.Release|iPhoneSimulator.ActiveCfg = Release|Any CPU
		{005B9A43-7426-404F-856A-14B4A80BDAA5}.Release|iPhoneSimulator.Build.0 = Release|Any CPU
		{BD1548EA-2547-49BC-AD5B-775133EE49FC}.Ad-Hoc|Any CPU.ActiveCfg = Release|Any CPU
		{BD1548EA-2547-49BC-AD5B-775133EE49FC}.Ad-Hoc|Any CPU.Build.0 = Release|Any CPU
		{BD1548EA-2547-49BC-AD5B-775133EE49FC}.Ad-Hoc|iPhone.ActiveCfg = Release|Any CPU
		{BD1548EA-2547-49BC-AD5B-775133EE49FC}.Ad-Hoc|iPhone.Build.0 = Release|Any CPU
		{BD1548EA-2547-49BC-AD5B-775133EE49FC}.Ad-Hoc|iPhoneSimulator.ActiveCfg = Release|Any CPU
		{BD1548EA-2547-49BC-AD5B-775133EE49FC}.Ad-Hoc|iPhoneSimulator.Build.0 = Release|Any CPU
		{BD1548EA-2547-49BC-AD5B-775133EE49FC}.AppStore|Any CPU.ActiveCfg = Release|Any CPU
		{BD1548EA-2547-49BC-AD5B-775133EE49FC}.AppStore|Any CPU.Build.0 = Release|Any CPU
		{BD1548EA-2547-49BC-AD5B-775133EE49FC}.AppStore|iPhone.ActiveCfg = Release|Any CPU
		{BD1548EA-2547-49BC-AD5B-775133EE49FC}.AppStore|iPhone.Build.0 = Release|Any CPU
		{BD1548EA-2547-49BC-AD5B-775133EE49FC}.AppStore|iPhoneSimulator.ActiveCfg = Release|Any CPU
		{BD1548EA-2547-49BC-AD5B-775133EE49FC}.AppStore|iPhoneSimulator.Build.0 = Release|Any CPU
		{BD1548EA-2547-49BC-AD5B-775133EE49FC}.Debug|Any CPU.ActiveCfg = Debug|Any CPU
		{BD1548EA-2547-49BC-AD5B-775133EE49FC}.Debug|Any CPU.Build.0 = Debug|Any CPU
		{BD1548EA-2547-49BC-AD5B-775133EE49FC}.Debug|iPhone.ActiveCfg = Debug|Any CPU
		{BD1548EA-2547-49BC-AD5B-775133EE49FC}.Debug|iPhone.Build.0 = Debug|Any CPU
		{BD1548EA-2547-49BC-AD5B-775133EE49FC}.Debug|iPhoneSimulator.ActiveCfg = Debug|Any CPU
		{BD1548EA-2547-49BC-AD5B-775133EE49FC}.Debug|iPhoneSimulator.Build.0 = Debug|Any CPU
		{BD1548EA-2547-49BC-AD5B-775133EE49FC}.Release|Any CPU.ActiveCfg = Release|Any CPU
		{BD1548EA-2547-49BC-AD5B-775133EE49FC}.Release|Any CPU.Build.0 = Release|Any CPU
		{BD1548EA-2547-49BC-AD5B-775133EE49FC}.Release|iPhone.ActiveCfg = Release|Any CPU
		{BD1548EA-2547-49BC-AD5B-775133EE49FC}.Release|iPhone.Build.0 = Release|Any CPU
		{BD1548EA-2547-49BC-AD5B-775133EE49FC}.Release|iPhoneSimulator.ActiveCfg = Release|Any CPU
		{BD1548EA-2547-49BC-AD5B-775133EE49FC}.Release|iPhoneSimulator.Build.0 = Release|Any CPU
		{9199CE0C-B211-4AF5-90CA-C00B59C90167}.Ad-Hoc|Any CPU.ActiveCfg = Debug|Any CPU
		{9199CE0C-B211-4AF5-90CA-C00B59C90167}.Ad-Hoc|Any CPU.Build.0 = Debug|Any CPU
		{9199CE0C-B211-4AF5-90CA-C00B59C90167}.Ad-Hoc|Any CPU.Deploy.0 = Debug|Any CPU
		{9199CE0C-B211-4AF5-90CA-C00B59C90167}.Ad-Hoc|iPhone.ActiveCfg = Debug|Any CPU
		{9199CE0C-B211-4AF5-90CA-C00B59C90167}.Ad-Hoc|iPhone.Build.0 = Debug|Any CPU
		{9199CE0C-B211-4AF5-90CA-C00B59C90167}.Ad-Hoc|iPhone.Deploy.0 = Debug|Any CPU
		{9199CE0C-B211-4AF5-90CA-C00B59C90167}.Ad-Hoc|iPhoneSimulator.ActiveCfg = Debug|Any CPU
		{9199CE0C-B211-4AF5-90CA-C00B59C90167}.Ad-Hoc|iPhoneSimulator.Build.0 = Debug|Any CPU
		{9199CE0C-B211-4AF5-90CA-C00B59C90167}.Ad-Hoc|iPhoneSimulator.Deploy.0 = Debug|Any CPU
		{9199CE0C-B211-4AF5-90CA-C00B59C90167}.AppStore|Any CPU.ActiveCfg = Debug|Any CPU
		{9199CE0C-B211-4AF5-90CA-C00B59C90167}.AppStore|Any CPU.Build.0 = Debug|Any CPU
		{9199CE0C-B211-4AF5-90CA-C00B59C90167}.AppStore|Any CPU.Deploy.0 = Debug|Any CPU
		{9199CE0C-B211-4AF5-90CA-C00B59C90167}.AppStore|iPhone.ActiveCfg = Debug|Any CPU
		{9199CE0C-B211-4AF5-90CA-C00B59C90167}.AppStore|iPhone.Build.0 = Debug|Any CPU
		{9199CE0C-B211-4AF5-90CA-C00B59C90167}.AppStore|iPhone.Deploy.0 = Debug|Any CPU
		{9199CE0C-B211-4AF5-90CA-C00B59C90167}.AppStore|iPhoneSimulator.ActiveCfg = Debug|Any CPU
		{9199CE0C-B211-4AF5-90CA-C00B59C90167}.AppStore|iPhoneSimulator.Build.0 = Debug|Any CPU
		{9199CE0C-B211-4AF5-90CA-C00B59C90167}.AppStore|iPhoneSimulator.Deploy.0 = Debug|Any CPU
		{9199CE0C-B211-4AF5-90CA-C00B59C90167}.Debug|Any CPU.ActiveCfg = Debug|Any CPU
		{9199CE0C-B211-4AF5-90CA-C00B59C90167}.Debug|Any CPU.Build.0 = Debug|Any CPU
		{9199CE0C-B211-4AF5-90CA-C00B59C90167}.Debug|Any CPU.Deploy.0 = Debug|Any CPU
		{9199CE0C-B211-4AF5-90CA-C00B59C90167}.Debug|iPhone.ActiveCfg = Debug|Any CPU
		{9199CE0C-B211-4AF5-90CA-C00B59C90167}.Debug|iPhone.Build.0 = Debug|Any CPU
		{9199CE0C-B211-4AF5-90CA-C00B59C90167}.Debug|iPhone.Deploy.0 = Debug|Any CPU
		{9199CE0C-B211-4AF5-90CA-C00B59C90167}.Debug|iPhoneSimulator.ActiveCfg = Debug|Any CPU
		{9199CE0C-B211-4AF5-90CA-C00B59C90167}.Debug|iPhoneSimulator.Build.0 = Debug|Any CPU
		{9199CE0C-B211-4AF5-90CA-C00B59C90167}.Debug|iPhoneSimulator.Deploy.0 = Debug|Any CPU
		{9199CE0C-B211-4AF5-90CA-C00B59C90167}.Release|Any CPU.ActiveCfg = Release|Any CPU
		{9199CE0C-B211-4AF5-90CA-C00B59C90167}.Release|Any CPU.Build.0 = Release|Any CPU
		{9199CE0C-B211-4AF5-90CA-C00B59C90167}.Release|Any CPU.Deploy.0 = Release|Any CPU
		{9199CE0C-B211-4AF5-90CA-C00B59C90167}.Release|iPhone.ActiveCfg = Release|Any CPU
		{9199CE0C-B211-4AF5-90CA-C00B59C90167}.Release|iPhone.Build.0 = Release|Any CPU
		{9199CE0C-B211-4AF5-90CA-C00B59C90167}.Release|iPhone.Deploy.0 = Release|Any CPU
		{9199CE0C-B211-4AF5-90CA-C00B59C90167}.Release|iPhoneSimulator.ActiveCfg = Release|Any CPU
		{9199CE0C-B211-4AF5-90CA-C00B59C90167}.Release|iPhoneSimulator.Build.0 = Release|Any CPU
		{9199CE0C-B211-4AF5-90CA-C00B59C90167}.Release|iPhoneSimulator.Deploy.0 = Release|Any CPU
		{7F2AE7B1-A3BF-4D5B-9C95-A9A93FE90E6B}.Ad-Hoc|Any CPU.ActiveCfg = Ad-Hoc|iPhoneSimulator
		{7F2AE7B1-A3BF-4D5B-9C95-A9A93FE90E6B}.Ad-Hoc|iPhone.ActiveCfg = Ad-Hoc|iPhone
		{7F2AE7B1-A3BF-4D5B-9C95-A9A93FE90E6B}.Ad-Hoc|iPhone.Build.0 = Ad-Hoc|iPhone
		{7F2AE7B1-A3BF-4D5B-9C95-A9A93FE90E6B}.Ad-Hoc|iPhoneSimulator.ActiveCfg = Ad-Hoc|iPhoneSimulator
		{7F2AE7B1-A3BF-4D5B-9C95-A9A93FE90E6B}.Ad-Hoc|iPhoneSimulator.Build.0 = Ad-Hoc|iPhoneSimulator
		{7F2AE7B1-A3BF-4D5B-9C95-A9A93FE90E6B}.AppStore|Any CPU.ActiveCfg = AppStore|iPhoneSimulator
		{7F2AE7B1-A3BF-4D5B-9C95-A9A93FE90E6B}.AppStore|iPhone.ActiveCfg = AppStore|iPhone
		{7F2AE7B1-A3BF-4D5B-9C95-A9A93FE90E6B}.AppStore|iPhone.Build.0 = AppStore|iPhone
		{7F2AE7B1-A3BF-4D5B-9C95-A9A93FE90E6B}.AppStore|iPhoneSimulator.ActiveCfg = AppStore|iPhoneSimulator
		{7F2AE7B1-A3BF-4D5B-9C95-A9A93FE90E6B}.AppStore|iPhoneSimulator.Build.0 = AppStore|iPhoneSimulator
		{7F2AE7B1-A3BF-4D5B-9C95-A9A93FE90E6B}.Debug|Any CPU.ActiveCfg = Debug|iPhoneSimulator
		{7F2AE7B1-A3BF-4D5B-9C95-A9A93FE90E6B}.Debug|iPhone.ActiveCfg = Debug|iPhone
		{7F2AE7B1-A3BF-4D5B-9C95-A9A93FE90E6B}.Debug|iPhone.Build.0 = Debug|iPhone
		{7F2AE7B1-A3BF-4D5B-9C95-A9A93FE90E6B}.Debug|iPhoneSimulator.ActiveCfg = Debug|iPhoneSimulator
		{7F2AE7B1-A3BF-4D5B-9C95-A9A93FE90E6B}.Debug|iPhoneSimulator.Build.0 = Debug|iPhoneSimulator
		{7F2AE7B1-A3BF-4D5B-9C95-A9A93FE90E6B}.Release|Any CPU.ActiveCfg = Release|iPhoneSimulator
		{7F2AE7B1-A3BF-4D5B-9C95-A9A93FE90E6B}.Release|iPhone.ActiveCfg = Release|iPhone
		{7F2AE7B1-A3BF-4D5B-9C95-A9A93FE90E6B}.Release|iPhone.Build.0 = Release|iPhone
		{7F2AE7B1-A3BF-4D5B-9C95-A9A93FE90E6B}.Release|iPhoneSimulator.ActiveCfg = Release|iPhoneSimulator
		{7F2AE7B1-A3BF-4D5B-9C95-A9A93FE90E6B}.Release|iPhoneSimulator.Build.0 = Release|iPhoneSimulator
	EndGlobalSection
	GlobalSection(SolutionProperties) = preSolution
		HideSolutionNode = FALSE
	EndGlobalSection
	GlobalSection(ExtensibilityGlobals) = postSolution
		SolutionGuid = {BDE602A3-C47B-4528-A49D-82F2599E4767}
	EndGlobalSection
EndGlobal
